
Microsoft Visual Studio Solution File, Format Version 12.00
# Visual Studio Version 17
VisualStudioVersion = 17.0.31903.59
MinimumVisualStudioVersion = 10.0.40219.1
Project("{9A19103F-16F7-4668-BE54-9A1E7A4F7556}") = "SiteScan.Api", "Services\SiteScan\SiteScan.Api\SiteScan.Api.csproj", "{BD2840DD-D505-420D-9B05-34C0DE18D140}"
EndProject
Project("{9A19103F-16F7-4668-BE54-9A1E7A4F7556}") = "SiteScan.Application", "Services\SiteScan\SiteScan.Application\SiteScan.Application.csproj", "{B36CF495-D433-49CD-B3E1-AF30969FAA5C}"
EndProject
Project("{9A19103F-16F7-4668-BE54-9A1E7A4F7556}") = "SiteScan.Domain", "Services\SiteScan\SiteScan.Domain\SiteScan.Domain.csproj", "{418B1EC8-9FAB-4B60-AC00-4895F670F296}"
EndProject
Project("{9A19103F-16F7-4668-BE54-9A1E7A4F7556}") = "SiteScan.Infrastructure", "Services\SiteScan\SiteScan.Infrastructure\SiteScan.Infrastructure.csproj", "{71B5E93E-2F4C-4046-9215-84C91E1CA34A}"
EndProject
Project("{FAE04EC0-301F-11D3-BF4B-00C04F79EFBC}") = "SiteScan.UnitTests", "Services\SiteScan\SiteScan.UnitTests\SiteScan.UnitTests.csproj", "{81ECF527-A941-7812-DC34-11D28144D7AF}"
EndProject
Global
	GlobalSection(SolutionConfigurationPlatforms) = preSolution
		Debug|Any CPU = Debug|Any CPU
		Release|Any CPU = Release|Any CPU
	EndGlobalSection
	GlobalSection(ProjectConfigurationPlatforms) = postSolution
		{BD2840DD-D505-420D-9B05-34C0DE18D140}.Debug|Any CPU.ActiveCfg = Debug|Any CPU
		{BD2840DD-D505-420D-9B05-34C0DE18D140}.Debug|Any CPU.Build.0 = Debug|Any CPU
		{BD2840DD-D505-420D-9B05-34C0DE18D140}.Release|Any CPU.ActiveCfg = Release|Any CPU
		{BD2840DD-D505-420D-9B05-34C0DE18D140}.Release|Any CPU.Build.0 = Release|Any CPU
		{B36CF495-D433-49CD-B3E1-AF30969FAA5C}.Debug|Any CPU.ActiveCfg = Debug|Any CPU
		{B36CF495-D433-49CD-B3E1-AF30969FAA5C}.Debug|Any CPU.Build.0 = Debug|Any CPU
		{B36CF495-D433-49CD-B3E1-AF30969FAA5C}.Release|Any CPU.ActiveCfg = Release|Any CPU
		{B36CF495-D433-49CD-B3E1-AF30969FAA5C}.Release|Any CPU.Build.0 = Release|Any CPU
		{418B1EC8-9FAB-4B60-AC00-4895F670F296}.Debug|Any CPU.ActiveCfg = Debug|Any CPU
		{418B1EC8-9FAB-4B60-AC00-4895F670F296}.Debug|Any CPU.Build.0 = Debug|Any CPU
		{418B1EC8-9FAB-4B60-AC00-4895F670F296}.Release|Any CPU.ActiveCfg = Release|Any CPU
		{418B1EC8-9FAB-4B60-AC00-4895F670F296}.Release|Any CPU.Build.0 = Release|Any CPU
		{71B5E93E-2F4C-4046-9215-84C91E1CA34A}.Debug|Any CPU.ActiveCfg = Debug|Any CPU
		{71B5E93E-2F4C-4046-9215-84C91E1CA34A}.Debug|Any CPU.Build.0 = Debug|Any CPU
		{71B5E93E-2F4C-4046-9215-84C91E1CA34A}.Release|Any CPU.ActiveCfg = Release|Any CPU
		{71B5E93E-2F4C-4046-9215-84C91E1CA34A}.Release|Any CPU.Build.0 = Release|Any CPU
		{81ECF527-A941-7812-DC34-11D28144D7AF}.Debug|Any CPU.ActiveCfg = Debug|Any CPU
		{81ECF527-A941-7812-DC34-11D28144D7AF}.Debug|Any CPU.Build.0 = Debug|Any CPU
		{81ECF527-A941-7812-DC34-11D28144D7AF}.Release|Any CPU.ActiveCfg = Release|Any CPU
		{81ECF527-A941-7812-DC34-11D28144D7AF}.Release|Any CPU.Build.0 = Release|Any CPU
	EndGlobalSection
	GlobalSection(SolutionProperties) = preSolution
		HideSolutionNode = FALSE
	EndGlobalSection
	GlobalSection(ExtensibilityGlobals) = postSolution
		SolutionGuid = {6C4C7F8E-501F-4DBF-8840-72ED8B938FC4}
	EndGlobalSection
EndGlobal
